
Microsoft Visual Studio Solution File, Format Version 12.00
# Visual Studio Version 16
VisualStudioVersion = 16.0.30907.101
MinimumVisualStudioVersion = 10.0.40219.1
Project("{FAE04EC0-301F-11D3-BF4B-00C04F79EFBC}") = "WpfApp3", "WpfApp3\WpfApp3.csproj", "{7F3AEE2B-25CC-4853-9C9F-5D200B5236CD}"
EndProject
Global
	GlobalSection(SolutionConfigurationPlatforms) = preSolution
		Debug|Any CPU = Debug|Any CPU
		Release|Any CPU = Release|Any CPU
	EndGlobalSection
	GlobalSection(ProjectConfigurationPlatforms) = postSolution
		{7F3AEE2B-25CC-4853-9C9F-5D200B5236CD}.Debug|Any CPU.ActiveCfg = Debug|Any CPU
		{7F3AEE2B-25CC-4853-9C9F-5D200B5236CD}.Debug|Any CPU.Build.0 = Debug|Any CPU
		{7F3AEE2B-25CC-4853-9C9F-5D200B5236CD}.Release|Any CPU.ActiveCfg = Release|Any CPU
		{7F3AEE2B-25CC-4853-9C9F-5D200B5236CD}.Release|Any CPU.Build.0 = Release|Any CPU
	EndGlobalSection
	GlobalSection(SolutionProperties) = preSolution
		HideSolutionNode = FALSE
	EndGlobalSection
	GlobalSection(ExtensibilityGlobals) = postSolution
		SolutionGuid = {3D07C404-F11F-4497-B702-5DF0CB98115C}
	EndGlobalSection
EndGlobal
